
Microsoft Visual Studio Solution File, Format Version 12.00
# Visual Studio Version 17
VisualStudioVersion = 17.9.34728.123
MinimumVisualStudioVersion = 10.0.40219.1
Project("{FAE04EC0-301F-11D3-BF4B-00C04F79EFBC}") = "ATM_Application_A2", "ATM_Application_A2\ATM_Application_A2.csproj", "{2B17B94B-EA62-42C9-BDF8-A69DAF761E61}"
EndProject
Global
	GlobalSection(SolutionConfigurationPlatforms) = preSolution
		Debug|Any CPU = Debug|Any CPU
		Release|Any CPU = Release|Any CPU
	EndGlobalSection
	GlobalSection(ProjectConfigurationPlatforms) = postSolution
		{2B17B94B-EA62-42C9-BDF8-A69DAF761E61}.Debug|Any CPU.ActiveCfg = Debug|Any CPU
		{2B17B94B-EA62-42C9-BDF8-A69DAF761E61}.Debug|Any CPU.Build.0 = Debug|Any CPU
		{2B17B94B-EA62-42C9-BDF8-A69DAF761E61}.Release|Any CPU.ActiveCfg = Release|Any CPU
		{2B17B94B-EA62-42C9-BDF8-A69DAF761E61}.Release|Any CPU.Build.0 = Release|Any CPU
	EndGlobalSection
	GlobalSection(SolutionProperties) = preSolution
		HideSolutionNode = FALSE
	EndGlobalSection
	GlobalSection(ExtensibilityGlobals) = postSolution
		SolutionGuid = {903AB2D6-3E1F-4C28-8359-0827C1DA417C}
	EndGlobalSection
EndGlobal
